
Microsoft Visual Studio Solution File, Format Version 12.00
# Visual Studio Version 17
VisualStudioVersion = 17.14.36408.4 d17.14
MinimumVisualStudioVersion = 10.0.40219.1
Project("{FAE04EC0-301F-11D3-BF4B-00C04F79EFBC}") = "TicTacToeGame", "TicTacToeGame\TicTacToeGame.csproj", "{27E1791B-0518-4B47-987B-B43EEB8B6CDD}"
EndProject
Global
	GlobalSection(SolutionConfigurationPlatforms) = preSolution
		Debug|Any CPU = Debug|Any CPU
		Release|Any CPU = Release|Any CPU
	EndGlobalSection
	GlobalSection(ProjectConfigurationPlatforms) = postSolution
		{27E1791B-0518-4B47-987B-B43EEB8B6CDD}.Debug|Any CPU.ActiveCfg = Debug|Any CPU
		{27E1791B-0518-4B47-987B-B43EEB8B6CDD}.Debug|Any CPU.Build.0 = Debug|Any CPU
		{27E1791B-0518-4B47-987B-B43EEB8B6CDD}.Release|Any CPU.ActiveCfg = Release|Any CPU
		{27E1791B-0518-4B47-987B-B43EEB8B6CDD}.Release|Any CPU.Build.0 = Release|Any CPU
	EndGlobalSection
	GlobalSection(SolutionProperties) = preSolution
		HideSolutionNode = FALSE
	EndGlobalSection
	GlobalSection(ExtensibilityGlobals) = postSolution
		SolutionGuid = {66B86B93-0B16-42D9-B4D2-832A0BFB7B3B}
	EndGlobalSection
EndGlobal
